# THIS IS AN AUTOGENERATED FILE. DO NOT EDIT THIS FILE DIRECTLY.
# yarn lockfile v1


"@codemirror/autocomplete@^6.0.0":
  version "6.4.2"
  resolved "https://registry.yarnpkg.com/@codemirror/autocomplete/-/autocomplete-6.4.2.tgz#938b25223bd21f97b2a6d85474643355f98b505b"
  integrity sha512-8WE2xp+D0MpWEv5lZ6zPW1/tf4AGb358T5GWYiKEuCP8MvFfT3tH2mIF9Y2yr2e3KbHuSvsVhosiEyqCpiJhZQ==
  dependencies:
    "@codemirror/language" "^6.0.0"
    "@codemirror/state" "^6.0.0"
    "@codemirror/view" "^6.6.0"
    "@lezer/common" "^1.0.0"

"@codemirror/commands@^6.0.0":
  version "6.2.2"
  resolved "https://registry.yarnpkg.com/@codemirror/commands/-/commands-6.2.2.tgz#437d9ba275107dbc629f0bfa3b150e0e43f2a218"
  integrity sha512-s9lPVW7TxXrI/7voZ+HmD/yiAlwAYn9PH5SUVSUhsxXHhv4yl5eZ3KLntSoTynfdgVYM0oIpccQEWRBQgmNZyw==
  dependencies:
    "@codemirror/language" "^6.0.0"
    "@codemirror/state" "^6.2.0"
    "@codemirror/view" "^6.0.0"
    "@lezer/common" "^1.0.0"

"@codemirror/lang-javascript@^6.1.4":
  version "6.1.4"
  resolved "https://registry.yarnpkg.com/@codemirror/lang-javascript/-/lang-javascript-6.1.4.tgz#8a41f4d213e1143b4eef6f65f8b77b349aaf894c"
  integrity sha512-OxLf7OfOZBTMRMi6BO/F72MNGmgOd9B0vetOLvHsDACFXayBzW8fm8aWnDM0yuy68wTK03MBf4HbjSBNRG5q7A==
  dependencies:
    "@codemirror/autocomplete" "^6.0.0"
    "@codemirror/language" "^6.6.0"
    "@codemirror/lint" "^6.0.0"
    "@codemirror/state" "^6.0.0"
    "@codemirror/view" "^6.0.0"
    "@lezer/common" "^1.0.0"
    "@lezer/javascript" "^1.0.0"

"@codemirror/language@^6.0.0", "@codemirror/language@^6.6.0":
  version "6.6.0"
  resolved "https://registry.yarnpkg.com/@codemirror/language/-/language-6.6.0.tgz#2204407174a38a68053715c19e28ad61f491779f"
  integrity sha512-cwUd6lzt3MfNYOobdjf14ZkLbJcnv4WtndYaoBkbor/vF+rCNguMPK0IRtvZJG4dsWiaWPcK8x1VijhvSxnstg==
  dependencies:
    "@codemirror/state" "^6.0.0"
    "@codemirror/view" "^6.0.0"
    "@lezer/common" "^1.0.0"
    "@lezer/highlight" "^1.0.0"
    "@lezer/lr" "^1.0.0"
    style-mod "^4.0.0"

"@codemirror/lint@^6.0.0":
  version "6.2.0"
  resolved "https://registry.yarnpkg.com/@codemirror/lint/-/lint-6.2.0.tgz#25cdab7425fcda1b38a9d63f230f833c8b6b369f"
  integrity sha512-KVCECmR2fFeYBr1ZXDVue7x3q5PMI0PzcIbA+zKufnkniMBo1325t0h1jM85AKp8l3tj67LRxVpZfgDxEXlQkg==
  dependencies:
    "@codemirror/state" "^6.0.0"
    "@codemirror/view" "^6.0.0"
    crelt "^1.0.5"

"@codemirror/search@^6.0.0":
  version "6.2.3"
  resolved "https://registry.yarnpkg.com/@codemirror/search/-/search-6.2.3.tgz#fab933fef1b1de8ef40cda275c73d9ac7a1ff40f"
  integrity sha512-V9n9233lopQhB1dyjsBK2Wc1i+8hcCqxl1wQ46c5HWWLePoe4FluV3TGHoZ04rBRlGjNyz9DTmpJErig8UE4jw==
  dependencies:
    "@codemirror/state" "^6.0.0"
    "@codemirror/view" "^6.0.0"
    crelt "^1.0.5"

"@codemirror/state@^6.0.0", "@codemirror/state@^6.1.4", "@codemirror/state@^6.2.0":
  version "6.2.0"
  resolved "https://registry.yarnpkg.com/@codemirror/state/-/state-6.2.0.tgz#a0fb08403ced8c2a68d1d0acee926bd20be922f2"
  integrity sha512-69QXtcrsc3RYtOtd+GsvczJ319udtBf1PTrr2KbLWM/e2CXUPnh0Nz9AUo8WfhSQ7GeL8dPVNUmhQVgpmuaNGA==

"@codemirror/view@^6.0.0", "@codemirror/view@^6.6.0":
  version "6.9.2"
  resolved "https://registry.yarnpkg.com/@codemirror/view/-/view-6.9.2.tgz#c8ceb4ea36f17bb20fdecbe7534162d4b83185e9"
  integrity sha512-ci0r/v6aKOSlzOs7/STMTYP3jX/+YMq2dAfAJcLIB6uom4ThtrUlzeuS7GTRGNqJJ+qAJR1vGWfXgu4CO/0myQ==
  dependencies:
    "@codemirror/state" "^6.1.4"
    style-mod "^4.0.0"
    w3c-keyname "^2.2.4"

"@esbuild/android-arm64@0.17.12":
  version "0.17.12"
  resolved "https://registry.yarnpkg.com/@esbuild/android-arm64/-/android-arm64-0.17.12.tgz#15a8e2b407d03989b899e325151dc2e96d19c620"
  integrity sha512-WQ9p5oiXXYJ33F2EkE3r0FRDFVpEdcDiwNX3u7Xaibxfx6vQE0Sb8ytrfQsA5WO6kDn6mDfKLh6KrPBjvkk7xA==

"@esbuild/android-arm@0.17.12":
  version "0.17.12"
  resolved "https://registry.yarnpkg.com/@esbuild/android-arm/-/android-arm-0.17.12.tgz#677a09297e1f4f37aba7b4fc4f31088b00484985"
  integrity sha512-E/sgkvwoIfj4aMAPL2e35VnUJspzVYl7+M1B2cqeubdBhADV4uPon0KCc8p2G+LqSJ6i8ocYPCqY3A4GGq0zkQ==

"@esbuild/android-x64@0.17.12":
  version "0.17.12"
  resolved "https://registry.yarnpkg.com/@esbuild/android-x64/-/android-x64-0.17.12.tgz#b292729eef4e0060ae1941f6a021c4d2542a3521"
  integrity sha512-m4OsaCr5gT+se25rFPHKQXARMyAehHTQAz4XX1Vk3d27VtqiX0ALMBPoXZsGaB6JYryCLfgGwUslMqTfqeLU0w==

"@esbuild/darwin-arm64@0.17.12":
  version "0.17.12"
  resolved "https://registry.yarnpkg.com/@esbuild/darwin-arm64/-/darwin-arm64-0.17.12.tgz#efa35318df931da05825894e1787b976d55adbe3"
  integrity sha512-O3GCZghRIx+RAN0NDPhyyhRgwa19MoKlzGonIb5hgTj78krqp9XZbYCvFr9N1eUxg0ZQEpiiZ4QvsOQwBpP+lg==

"@esbuild/darwin-x64@0.17.12":
  version "0.17.12"
  resolved "https://registry.yarnpkg.com/@esbuild/darwin-x64/-/darwin-x64-0.17.12.tgz#e7b54bb3f6dc81aadfd0485cd1623c648157e64d"
  integrity sha512-5D48jM3tW27h1qjaD9UNRuN+4v0zvksqZSPZqeSWggfMlsVdAhH3pwSfQIFJwcs9QJ9BRibPS4ViZgs3d2wsCA==

"@esbuild/freebsd-arm64@0.17.12":
  version "0.17.12"
  resolved "https://registry.yarnpkg.com/@esbuild/freebsd-arm64/-/freebsd-arm64-0.17.12.tgz#99a18a8579d6299c449566fe91d9b6a54cf2a591"
  integrity sha512-OWvHzmLNTdF1erSvrfoEBGlN94IE6vCEaGEkEH29uo/VoONqPnoDFfShi41Ew+yKimx4vrmmAJEGNoyyP+OgOQ==

"@esbuild/freebsd-x64@0.17.12":
  version "0.17.12"
  resolved "https://registry.yarnpkg.com/@esbuild/freebsd-x64/-/freebsd-x64-0.17.12.tgz#0e090190fede307fb4022f671791a50dd5121abd"
  integrity sha512-A0Xg5CZv8MU9xh4a+7NUpi5VHBKh1RaGJKqjxe4KG87X+mTjDE6ZvlJqpWoeJxgfXHT7IMP9tDFu7IZ03OtJAw==

"@esbuild/linux-arm64@0.17.12":
  version "0.17.12"
  resolved "https://registry.yarnpkg.com/@esbuild/linux-arm64/-/linux-arm64-0.17.12.tgz#7fe2a69f8a1a7153fa2b0f44aabcadb59475c7e0"
  integrity sha512-cK3AjkEc+8v8YG02hYLQIQlOznW+v9N+OI9BAFuyqkfQFR+DnDLhEM5N8QRxAUz99cJTo1rLNXqRrvY15gbQUg==

"@esbuild/linux-arm@0.17.12":
  version "0.17.12"
  resolved "https://registry.yarnpkg.com/@esbuild/linux-arm/-/linux-arm-0.17.12.tgz#b87c76ebf1fe03e01fd6bb5cfc2f3c5becd5ee93"
  integrity sha512-WsHyJ7b7vzHdJ1fv67Yf++2dz3D726oO3QCu8iNYik4fb5YuuReOI9OtA+n7Mk0xyQivNTPbl181s+5oZ38gyA==

"@esbuild/linux-ia32@0.17.12":
  version "0.17.12"
  resolved "https://registry.yarnpkg.com/@esbuild/linux-ia32/-/linux-ia32-0.17.12.tgz#9e9357090254524d32e6708883a47328f3037858"
  integrity sha512-jdOBXJqcgHlah/nYHnj3Hrnl9l63RjtQ4vn9+bohjQPI2QafASB5MtHAoEv0JQHVb/xYQTFOeuHnNYE1zF7tYw==

"@esbuild/linux-loong64@0.17.12":
  version "0.17.12"
  resolved "https://registry.yarnpkg.com/@esbuild/linux-loong64/-/linux-loong64-0.17.12.tgz#9deb605f9e2c82f59412ddfefb4b6b96d54b5b5b"
  integrity sha512-GTOEtj8h9qPKXCyiBBnHconSCV9LwFyx/gv3Phw0pa25qPYjVuuGZ4Dk14bGCfGX3qKF0+ceeQvwmtI+aYBbVA==

"@esbuild/linux-mips64el@0.17.12":
  version "0.17.12"
  resolved "https://registry.yarnpkg.com/@esbuild/linux-mips64el/-/linux-mips64el-0.17.12.tgz#6ef170b974ddf5e6acdfa5b05f22b6e9dfd2b003"
  integrity sha512-o8CIhfBwKcxmEENOH9RwmUejs5jFiNoDw7YgS0EJTF6kgPgcqLFjgoc5kDey5cMHRVCIWc6kK2ShUePOcc7RbA==

"@esbuild/linux-ppc64@0.17.12":
  version "0.17.12"
  resolved "https://registry.yarnpkg.com/@esbuild/linux-ppc64/-/linux-ppc64-0.17.12.tgz#1638d3d4acf1d34aaf37cf8908c2e1cefed16204"
  integrity sha512-biMLH6NR/GR4z+ap0oJYb877LdBpGac8KfZoEnDiBKd7MD/xt8eaw1SFfYRUeMVx519kVkAOL2GExdFmYnZx3A==

"@esbuild/linux-riscv64@0.17.12":
  version "0.17.12"
  resolved "https://registry.yarnpkg.com/@esbuild/linux-riscv64/-/linux-riscv64-0.17.12.tgz#135b6e9270a8e2de2b9094bb21a287517df520ef"
  integrity sha512-jkphYUiO38wZGeWlfIBMB72auOllNA2sLfiZPGDtOBb1ELN8lmqBrlMiucgL8awBw1zBXN69PmZM6g4yTX84TA==

"@esbuild/linux-s390x@0.17.12":
  version "0.17.12"
  resolved "https://registry.yarnpkg.com/@esbuild/linux-s390x/-/linux-s390x-0.17.12.tgz#21e40830770c5d08368e300842bde382ce97d615"
  integrity sha512-j3ucLdeY9HBcvODhCY4b+Ds3hWGO8t+SAidtmWu/ukfLLG/oYDMaA+dnugTVAg5fnUOGNbIYL9TOjhWgQB8W5g==

"@esbuild/linux-x64@0.17.12":
  version "0.17.12"
  resolved "https://registry.yarnpkg.com/@esbuild/linux-x64/-/linux-x64-0.17.12.tgz#76c1c199871d48e1aaa47a762fb9e0dca52e1f7a"
  integrity sha512-uo5JL3cgaEGotaqSaJdRfFNSCUJOIliKLnDGWaVCgIKkHxwhYMm95pfMbWZ9l7GeW9kDg0tSxcy9NYdEtjwwmA==

"@esbuild/netbsd-x64@0.17.12":
  version "0.17.12"
  resolved "https://registry.yarnpkg.com/@esbuild/netbsd-x64/-/netbsd-x64-0.17.12.tgz#c7c3b3017a4b938c76c35f66af529baf62eac527"
  integrity sha512-DNdoRg8JX+gGsbqt2gPgkgb00mqOgOO27KnrWZtdABl6yWTST30aibGJ6geBq3WM2TIeW6COs5AScnC7GwtGPg==

"@esbuild/openbsd-x64@0.17.12":
  version "0.17.12"
  resolved "https://registry.yarnpkg.com/@esbuild/openbsd-x64/-/openbsd-x64-0.17.12.tgz#05d04217d980e049001afdbeacbb58d31bb5cefb"
  integrity sha512-aVsENlr7B64w8I1lhHShND5o8cW6sB9n9MUtLumFlPhG3elhNWtE7M1TFpj3m7lT3sKQUMkGFjTQBrvDDO1YWA==

"@esbuild/sunos-x64@0.17.12":
  version "0.17.12"
  resolved "https://registry.yarnpkg.com/@esbuild/sunos-x64/-/sunos-x64-0.17.12.tgz#cf3862521600e4eb6c440ec3bad31ed40fb87ef3"
  integrity sha512-qbHGVQdKSwi0JQJuZznS4SyY27tYXYF0mrgthbxXrZI3AHKuRvU+Eqbg/F0rmLDpW/jkIZBlCO1XfHUBMNJ1pg==

"@esbuild/win32-arm64@0.17.12":
  version "0.17.12"
  resolved "https://registry.yarnpkg.com/@esbuild/win32-arm64/-/win32-arm64-0.17.12.tgz#43dd7fb5be77bf12a1550355ab2b123efd60868e"
  integrity sha512-zsCp8Ql+96xXTVTmm6ffvoTSZSV2B/LzzkUXAY33F/76EajNw1m+jZ9zPfNJlJ3Rh4EzOszNDHsmG/fZOhtqDg==

"@esbuild/win32-ia32@0.17.12":
  version "0.17.12"
  resolved "https://registry.yarnpkg.com/@esbuild/win32-ia32/-/win32-ia32-0.17.12.tgz#9940963d0bff4ea3035a84e2b4c6e41c5e6296eb"
  integrity sha512-FfrFjR4id7wcFYOdqbDfDET3tjxCozUgbqdkOABsSFzoZGFC92UK7mg4JKRc/B3NNEf1s2WHxJ7VfTdVDPN3ng==

"@esbuild/win32-x64@0.17.12":
  version "0.17.12"
  resolved "https://registry.yarnpkg.com/@esbuild/win32-x64/-/win32-x64-0.17.12.tgz#3a11d13e9a5b0c05db88991b234d8baba1f96487"
  integrity sha512-JOOxw49BVZx2/5tW3FqkdjSD/5gXYeVGPDcB0lvap0gLQshkh1Nyel1QazC+wNxus3xPlsYAgqU1BUmrmCvWtw==

"@lezer/common@^1.0.0", "@lezer/common@^1.0.2":
  version "1.0.2"
  resolved "https://registry.yarnpkg.com/@lezer/common/-/common-1.0.2.tgz#8fb9b86bdaa2ece57e7d59e5ffbcb37d71815087"
  integrity sha512-SVgiGtMnMnW3ActR8SXgsDhw7a0w0ChHSYAyAUxxrOiJ1OqYWEKk/xJd84tTSPo1mo6DXLObAJALNnd0Hrv7Ng==

"@lezer/highlight@^1.0.0", "@lezer/highlight@^1.1.3":
  version "1.1.3"
  resolved "https://registry.yarnpkg.com/@lezer/highlight/-/highlight-1.1.3.tgz#bf5a36c2ee227f526d74997ac91f7777e29bd25d"
  integrity sha512-3vLKLPThO4td43lYRBygmMY18JN3CPh9w+XS2j8WC30vR4yZeFG4z1iFe4jXE43NtGqe//zHW5q8ENLlHvz9gw==
  dependencies:
    "@lezer/common" "^1.0.0"

"@lezer/javascript@^1.0.0":
  version "1.4.1"
  resolved "https://registry.yarnpkg.com/@lezer/javascript/-/javascript-1.4.1.tgz#97a15042c76b5979af6a069fac83cf6485628cbf"
  integrity sha512-Hqx36DJeYhKtdpc7wBYPR0XF56ZzIp0IkMO/zNNj80xcaFOV4Oj/P7TQc/8k2TxNhzl7tV5tXS8ZOCPbT4L3nA==
  dependencies:
    "@lezer/highlight" "^1.1.3"
    "@lezer/lr" "^1.3.0"

"@lezer/lr@^1.0.0", "@lezer/lr@^1.3.0":
  version "1.3.3"
  resolved "https://registry.yarnpkg.com/@lezer/lr/-/lr-1.3.3.tgz#0ac6c889f1235874f33c45a1b9785d7054f60708"
  integrity sha512-JPQe3mwJlzEVqy67iQiiGozhcngbO8QBgpqZM6oL1Wj/dXckrEexpBLeFkq0edtW5IqnPRFxA24BHJni8Js69w==
  dependencies:
    "@lezer/common" "^1.0.0"

codemirror@^6.0.1:
  version "6.0.1"
  resolved "https://registry.yarnpkg.com/codemirror/-/codemirror-6.0.1.tgz#62b91142d45904547ee3e0e0e4c1a79158035a29"
  integrity sha512-J8j+nZ+CdWmIeFIGXEFbFPtpiYacFMDR8GlHK3IyHQJMCaVRfGx9NT+Hxivv1ckLWPvNdZqndbr/7lVhrf/Svg==
  dependencies:
    "@codemirror/autocomplete" "^6.0.0"
    "@codemirror/commands" "^6.0.0"
    "@codemirror/language" "^6.0.0"
    "@codemirror/lint" "^6.0.0"
    "@codemirror/search" "^6.0.0"
    "@codemirror/state" "^6.0.0"
    "@codemirror/view" "^6.0.0"

crelt@^1.0.5:
  version "1.0.5"
  resolved "https://registry.yarnpkg.com/crelt/-/crelt-1.0.5.tgz#57c0d52af8c859e354bace1883eb2e1eb182bb94"
  integrity sha512-+BO9wPPi+DWTDcNYhr/W90myha8ptzftZT+LwcmUbbok0rcP/fequmFYCw8NMoH7pkAZQzU78b3kYrlua5a9eA==

esbuild@^0.17.5:
  version "0.17.12"
  resolved "https://registry.yarnpkg.com/esbuild/-/esbuild-0.17.12.tgz#2ad7523bf1bc01881e9d904bc04e693bd3bdcf2f"
  integrity sha512-bX/zHl7Gn2CpQwcMtRogTTBf9l1nl+H6R8nUbjk+RuKqAE3+8FDulLA+pHvX7aA7Xe07Iwa+CWvy9I8Y2qqPKQ==
  optionalDependencies:
    "@esbuild/android-arm" "0.17.12"
    "@esbuild/android-arm64" "0.17.12"
    "@esbuild/android-x64" "0.17.12"
    "@esbuild/darwin-arm64" "0.17.12"
    "@esbuild/darwin-x64" "0.17.12"
    "@esbuild/freebsd-arm64" "0.17.12"
    "@esbuild/freebsd-x64" "0.17.12"
    "@esbuild/linux-arm" "0.17.12"
    "@esbuild/linux-arm64" "0.17.12"
    "@esbuild/linux-ia32" "0.17.12"
    "@esbuild/linux-loong64" "0.17.12"
    "@esbuild/linux-mips64el" "0.17.12"
    "@esbuild/linux-ppc64" "0.17.12"
    "@esbuild/linux-riscv64" "0.17.12"
    "@esbuild/linux-s390x" "0.17.12"
    "@esbuild/linux-x64" "0.17.12"
    "@esbuild/netbsd-x64" "0.17.12"
    "@esbuild/openbsd-x64" "0.17.12"
    "@esbuild/sunos-x64" "0.17.12"
    "@esbuild/win32-arm64" "0.17.12"
    "@esbuild/win32-ia32" "0.17.12"
    "@esbuild/win32-x64" "0.17.12"

fsevents@~2.3.2:
  version "2.3.2"
  resolved "https://registry.yarnpkg.com/fsevents/-/fsevents-2.3.2.tgz#8a526f78b8fdf4623b709e0b975c52c24c02fd1a"
  integrity sha512-xiqMQR4xAeHTuB9uWm+fFRcIOgKBMiOBP+eXiyT7jsgVCq1bkVygt00oASowB7EdtpOHaaPgKt812P9ab+DDKA==

function-bind@^1.1.1:
  version "1.1.1"
  resolved "https://registry.yarnpkg.com/function-bind/-/function-bind-1.1.1.tgz#a56899d3ea3c9bab874bb9773b7c5ede92f4895d"
  integrity sha512-yIovAzMX49sF8Yl58fSCWJ5svSLuaibPxXQJFLmBObTuCr0Mf1KiPopGM9NiFjiYBCbfaa2Fh6breQ6ANVTI0A==

has@^1.0.3:
  version "1.0.3"
  resolved "https://registry.yarnpkg.com/has/-/has-1.0.3.tgz#722d7cbfc1f6aa8241f16dd814e011e1f41e8796"
  integrity sha512-f2dvO0VU6Oej7RkWJGrehjbzMAjFp5/VKPp5tTpWIV4JHHZK1/BxbFRtf/siA2SWTe09caDmVtYYzWEIbBS4zw==
  dependencies:
    function-bind "^1.1.1"

is-core-module@^2.9.0:
  version "2.11.0"
  resolved "https://registry.yarnpkg.com/is-core-module/-/is-core-module-2.11.0.tgz#ad4cb3e3863e814523c96f3f58d26cc570ff0144"
  integrity sha512-RRjxlvLDkD1YJwDbroBHMb+cukurkDWNyHx7D3oNB5x9rb5ogcksMC5wHCadcXoo67gVr/+3GFySh3134zi6rw==
  dependencies:
    has "^1.0.3"

lezer-tree@^0.13.2:
  version "0.13.2"
  resolved "https://registry.yarnpkg.com/lezer-tree/-/lezer-tree-0.13.2.tgz#00f4671309b15c27b131f637e430ce2d4d5f7065"
  integrity sha512-15ZxW8TxVNAOkHIo43Iouv4zbSkQQ5chQHBpwXcD2bBFz46RB4jYLEEww5l1V0xyIx9U2clSyyrLes+hAUFrGQ==

lezer@^0.13.5:
  version "0.13.5"
  resolved "https://registry.yarnpkg.com/lezer/-/lezer-0.13.5.tgz#6000536bca7e24a5bd62e8cb4feff28b37e7dd8f"
  integrity sha512-cAiMQZGUo2BD8mpcz7Nv1TlKzWP7YIdIRrX41CiP5bk5t4GHxskOxWUx2iAOuHlz8dO+ivbuXr0J1bfHsWD+lQ==
  dependencies:
    lezer-tree "^0.13.2"

nanoid@^3.3.4:
  version "3.3.4"
  resolved "https://registry.yarnpkg.com/nanoid/-/nanoid-3.3.4.tgz#730b67e3cd09e2deacf03c027c81c9d9dbc5e8ab"
  integrity sha512-MqBkQh/OHTS2egovRtLk45wEyNXwF+cokD+1YPf9u5VfJiRdAiRwB2froX5Co9Rh20xs4siNPm8naNotSD6RBw==

path-parse@^1.0.7:
  version "1.0.7"
  resolved "https://registry.yarnpkg.com/path-parse/-/path-parse-1.0.7.tgz#fbc114b60ca42b30d9daf5858e4bd68bbedb6735"
  integrity sha512-LDJzPVEEEPR+y48z93A0Ed0yXb8pAByGWo/k5YYdYgpY2/2EsOsksJrq7lOHxryrVOn1ejG6oAp8ahvOIQD8sw==

picocolors@^1.0.0:
  version "1.0.0"
  resolved "https://registry.yarnpkg.com/picocolors/-/picocolors-1.0.0.tgz#cb5bdc74ff3f51892236eaf79d68bc44564ab81c"
  integrity sha512-1fygroTLlHu66zi26VoTDv8yRgm0Fccecssto+MhsZ0D/DGW2sm8E8AjW7NU5VVTRt5GxbeZ5qBuJr+HyLYkjQ==

postcss@^8.4.21:
  version "8.4.21"
  resolved "https://registry.yarnpkg.com/postcss/-/postcss-8.4.21.tgz#c639b719a57efc3187b13a1d765675485f4134f4"
  integrity sha512-tP7u/Sn/dVxK2NnruI4H9BG+x+Wxz6oeZ1cJ8P6G/PZY0IKk4k/63TDsQf2kQq3+qoJeLm2kIBUNlZe3zgb4Zg==
  dependencies:
    nanoid "^3.3.4"
    picocolors "^1.0.0"
    source-map-js "^1.0.2"

resolve@^1.22.1:
  version "1.22.1"
  resolved "https://registry.yarnpkg.com/resolve/-/resolve-1.22.1.tgz#27cb2ebb53f91abb49470a928bba7558066ac177"
  integrity sha512-nBpuuYuY5jFsli/JIs1oldw6fOQCBioohqWZg/2hiaOybXOft4lonv85uDOKXdf8rhyK159cxU5cDcK/NKk8zw==
  dependencies:
    is-core-module "^2.9.0"
    path-parse "^1.0.7"
    supports-preserve-symlinks-flag "^1.0.0"

rollup@^3.18.0:
  version "3.19.1"
  resolved "https://registry.yarnpkg.com/rollup/-/rollup-3.19.1.tgz#2b3a31ac1ff9f3afab2e523fa687fef5b0ee20fc"
  integrity sha512-lAbrdN7neYCg/8WaoWn/ckzCtz+jr70GFfYdlf50OF7387HTg+wiuiqJRFYawwSPpqfqDNYqK7smY/ks2iAudg==
  optionalDependencies:
    fsevents "~2.3.2"

source-map-js@^1.0.2:
  version "1.0.2"
  resolved "https://registry.yarnpkg.com/source-map-js/-/source-map-js-1.0.2.tgz#adbc361d9c62df380125e7f161f71c826f1e490c"
  integrity sha512-R0XvVJ9WusLiqTCEiGCmICCMplcCkIwwR11mOSD9CR5u+IXYdiseeEuXCVAjS54zqwkLcPNnmU4OeJ6tUrWhDw==

style-mod@^4.0.0:
  version "4.0.2"
  resolved "https://registry.yarnpkg.com/style-mod/-/style-mod-4.0.2.tgz#ef9e14c4c67428bcf31cc886787e81ca7f8f5021"
  integrity sha512-C4myMmRTO8iaC5Gg+N1ftK2WT4eXUTMAa+HEFPPrfVeO/NtqLTtAmV1HbqnuGtLwCek44Ra76fdGUkSqjiMPcQ==

supports-preserve-symlinks-flag@^1.0.0:
  version "1.0.0"
  resolved "https://registry.yarnpkg.com/supports-preserve-symlinks-flag/-/supports-preserve-symlinks-flag-1.0.0.tgz#6eda4bd344a3c94aea376d4cc31bc77311039e09"
  integrity sha512-ot0WnXS9fgdkgIcePe6RHNk1WA8+muPa6cSjeR3V8K27q9BB1rTE3R1p7Hv0z1ZyAc8s6Vvv8DIyWf681MAt0w==

typescript@^5.0.2:
  version "5.0.2"
  resolved "https://registry.yarnpkg.com/typescript/-/typescript-5.0.2.tgz#891e1a90c5189d8506af64b9ef929fca99ba1ee5"
  integrity sha512-wVORMBGO/FAs/++blGNeAVdbNKtIh1rbBL2EyQ1+J9lClJ93KiiKe8PmFIVdXhHcyv44SL9oglmfeSsndo0jRw==

vite@^4.2.0:
  version "4.2.0"
  resolved "https://registry.yarnpkg.com/vite/-/vite-4.2.0.tgz#d4e6eafbc034f3faf0ab376bd5b76ac15775eb99"
  integrity sha512-AbDTyzzwuKoRtMIRLGNxhLRuv1FpRgdIw+1y6AQG73Q5+vtecmvzKo/yk8X/vrHDpETRTx01ABijqUHIzBXi0g==
  dependencies:
    esbuild "^0.17.5"
    postcss "^8.4.21"
    resolve "^1.22.1"
    rollup "^3.18.0"
  optionalDependencies:
    fsevents "~2.3.2"

w3c-keyname@^2.2.4:
  version "2.2.6"
  resolved "https://registry.yarnpkg.com/w3c-keyname/-/w3c-keyname-2.2.6.tgz#8412046116bc16c5d73d4e612053ea10a189c85f"
  integrity sha512-f+fciywl1SJEniZHD6H+kUO8gOnwIr7f4ijKA6+ZvJFjeGi1r4PDLl53Ayud9O/rk64RqgoQine0feoeOU0kXg==
